
Microsoft Visual Studio Solution File, Format Version 12.00
# Visual Studio Version 16
VisualStudioVersion = 16.0.31025.194
MinimumVisualStudioVersion = 10.0.40219.1
Project("{FAE04EC0-301F-11D3-BF4B-00C04F79EFBC}") = "TestApp", "TestApp\TestApp.csproj", "{4EAECAE2-513C-49BB-8D93-23BACE45F98E}"
EndProject
Global
	GlobalSection(SolutionConfigurationPlatforms) = preSolution
		Debug|Any CPU = Debug|Any CPU
		Release|Any CPU = Release|Any CPU
	EndGlobalSection
	GlobalSection(ProjectConfigurationPlatforms) = postSolution
		{4EAECAE2-513C-49BB-8D93-23BACE45F98E}.Debug|Any CPU.ActiveCfg = Debug|Any CPU
		{4EAECAE2-513C-49BB-8D93-23BACE45F98E}.Debug|Any CPU.Build.0 = Debug|Any CPU
		{4EAECAE2-513C-49BB-8D93-23BACE45F98E}.Release|Any CPU.ActiveCfg = Release|Any CPU
		{4EAECAE2-513C-49BB-8D93-23BACE45F98E}.Release|Any CPU.Build.0 = Release|Any CPU
	EndGlobalSection
	GlobalSection(SolutionProperties) = preSolution
		HideSolutionNode = FALSE
	EndGlobalSection
	GlobalSection(ExtensibilityGlobals) = postSolution
		SolutionGuid = {C4D0559A-49A5-472D-91D1-EE9E33F397BB}
	EndGlobalSection
EndGlobal
